Microsoft Visual Studio Solution File, Format Version 12.00
# Visual Studio Version 17
VisualStudioVersion = 17.5.2.0
MinimumVisualStudioVersion = 10.0.40219.1
Project("{FAE04EC0-301F-11D3-BF4B-00C04F79EFBC}") = "XampEventApp", "XampEventApp.csproj", "{D244D0A2-D36B-44F4-FA3A-ABE347D7330A}"
EndProject
Global
	GlobalSection(SolutionConfigurationPlatforms) = preSolution
		Debug|Any CPU = Debug|Any CPU
		Release|Any CPU = Release|Any CPU
	EndGlobalSection
	GlobalSection(ProjectConfigurationPlatforms) = postSolution
		{D244D0A2-D36B-44F4-FA3A-ABE347D7330A}.Debug|Any CPU.ActiveCfg = Debug|Any CPU
		{D244D0A2-D36B-44F4-FA3A-ABE347D7330A}.Debug|Any CPU.Build.0 = Debug|Any CPU
		{D244D0A2-D36B-44F4-FA3A-ABE347D7330A}.Release|Any CPU.ActiveCfg = Release|Any CPU
		{D244D0A2-D36B-44F4-FA3A-ABE347D7330A}.Release|Any CPU.Build.0 = Release|Any CPU
	EndGlobalSection
	GlobalSection(SolutionProperties) = preSolution
		HideSolutionNode = FALSE
	EndGlobalSection
	GlobalSection(ExtensibilityGlobals) = postSolution
		SolutionGuid = {2B140B01-75F2-4E2A-BB39-1318C9F88CA6}
	EndGlobalSection
EndGlobal
